// !$*UTF8*$!
{
	archiveVersion = 1;
	classes = {
	};
	objectVersion = 50;
	objects = {

/* Begin PBXBuildFile section */
		694B8945230E643C0030B009 /* AppDelegate.swift in Sources */ = {isa = PBXBuildFile; fileRef = 694B8944230E643C0030B009 /* AppDelegate.swift */; };
		694B8947230E643C0030B009 /* ViewController.swift in Sources */ = {isa = PBXBuildFile; fileRef = 694B8946230E643C0030B009 /* ViewController.swift */; };
		694B894A230E643C0030B009 /* Main.storyboard in Resources */ = {isa = PBXBuildFile; fileRef = 694B8948230E643C0030B009 /* Main.storyboard */; };
		694B894C230E643E0030B009 /* Assets.xcassets in Resources */ = {isa = PBXBuildFile; fileRef = 694B894B230E643E0030B009 /* Assets.xcassets */; };
		694B894F230E643E0030B009 /* LaunchScreen.storyboard in Resources */ = {isa = PBXBuildFile; fileRef = 694B894D230E643E0030B009 /* LaunchScreen.storyboard */; };
		694B8971230E70770030B009 /* FileController.swift in Sources */ = {isa = PBXBuildFile; fileRef = 694B8970230E70770030B009 /* FileController.swift */; };
		694B8997230E7D1E0030B009 /* mz_strm_os_posix.c in Sources */ = {isa = PBXBuildFile; fileRef = 694B8975230E7D1E0030B009 /* mz_strm_os_posix.c */; };
		694B8998230E7D1E0030B009 /* mz_strm_pkcrypt.c in Sources */ = {isa = PBXBuildFile; fileRef = 694B8976230E7D1E0030B009 /* mz_strm_pkcrypt.c */; };
		694B8999230E7D1E0030B009 /* mz_strm_zlib.c in Sources */ = {isa = PBXBuildFile; fileRef = 694B8979230E7D1E0030B009 /* mz_strm_zlib.c */; };
		694B899A230E7D1E0030B009 /* mz_zip.c in Sources */ = {isa = PBXBuildFile; fileRef = 694B897A230E7D1E0030B009 /* mz_zip.c */; };
		694B899B230E7D1E0030B009 /* LICENSE in Resources */ = {isa = PBXBuildFile; fileRef = 694B897C230E7D1E0030B009 /* LICENSE */; };
		694B899C230E7D1E0030B009 /* mz_zip_rw.c in Sources */ = {isa = PBXBuildFile; fileRef = 694B897D230E7D1E0030B009 /* mz_zip_rw.c */; };
		694B899D230E7D1E0030B009 /* mz_crypt_apple.c in Sources */ = {isa = PBXBuildFile; fileRef = 694B8980230E7D1E0030B009 /* mz_crypt_apple.c */; };
		694B899E230E7D1E0030B009 /* mz_strm_mem.c in Sources */ = {isa = PBXBuildFile; fileRef = 694B8982230E7D1E0030B009 /* mz_strm_mem.c */; };
		694B899F230E7D1E0030B009 /* mz_crypt.c in Sources */ = {isa = PBXBuildFile; fileRef = 694B8983230E7D1E0030B009 /* mz_crypt.c */; };
		694B89A0230E7D1E0030B009 /* mz_strm_wzaes.c in Sources */ = {isa = PBXBuildFile; fileRef = 694B8984230E7D1E0030B009 /* mz_strm_wzaes.c */; };
		694B89A1230E7D1E0030B009 /* mz_compat.c in Sources */ = {isa = PBXBuildFile; fileRef = 694B8986230E7D1E0030B009 /* mz_compat.c */; };
		694B89A2230E7D1E0030B009 /* mz_os.c in Sources */ = {isa = PBXBuildFile; fileRef = 694B8989230E7D1E0030B009 /* mz_os.c */; };
		694B89A3230E7D1E0030B009 /* mz_os_posix.c in Sources */ = {isa = PBXBuildFile; fileRef = 694B898B230E7D1E0030B009 /* mz_os_posix.c */; };
		694B89A4230E7D1E0030B009 /* mz_strm_buf.c in Sources */ = {isa = PBXBuildFile; fileRef = 694B898D230E7D1E0030B009 /* mz_strm_buf.c */; };
		694B89A5230E7D1E0030B009 /* mz_strm_split.c in Sources */ = {isa = PBXBuildFile; fileRef = 694B898E230E7D1E0030B009 /* mz_strm_split.c */; };
		694B89A6230E7D1E0030B009 /* mz_strm.c in Sources */ = {isa = PBXBuildFile; fileRef = 694B8991230E7D1E0030B009 /* mz_strm.c */; };
		694B89A7230E7D1E0030B009 /* SSZipArchive.m in Sources */ = {isa = PBXBuildFile; fileRef = 694B8995230E7D1E0030B009 /* SSZipArchive.m */; };
		694B89AB230E7D710030B009 /* libz.tbd in Frameworks */ = {isa = PBXBuildFile; fileRef = 694B89AA230E7D710030B009 /* libz.tbd */; };
		694B89AD230E7D820030B009 /* libiconv.tbd in Frameworks */ = {isa = PBXBuildFile; fileRef = 694B89AC230E7D820030B009 /* libiconv.tbd */; };
		694B89AF230E7D950030B009 /* Security.framework in Frameworks */ = {isa = PBXBuildFile; fileRef = 694B89AE230E7D950030B009 /* Security.framework */; };
/* End PBXBuildFile section */

/* Begin PBXFileReference section */
		694B8941230E643C0030B009 /* Bundle Load.app */ = {isa = PBXFileReference; explicitFileType = wrapper.application; includeInIndex = 0; path = "Bundle Load.app"; sourceTree = BUILT_PRODUCTS_DIR; };
		694B8944230E643C0030B009 /* AppDelegate.swift */ = {isa = PBXFileReference; lastKnownFileType = sourcecode.swift; path = AppDelegate.swift; sourceTree = "<group>"; };
		694B8946230E643C0030B009 /* ViewController.swift */ = {isa = PBXFileReference; lastKnownFileType = sourcecode.swift; path = ViewController.swift; sourceTree = "<group>"; };
		694B8949230E643C0030B009 /* Base */ = {isa = PBXFileReference; lastKnownFileType = file.storyboard; name = Base; path = Base.lproj/Main.storyboard; sourceTree = "<group>"; };
		694B894B230E643E0030B009 /* Assets.xcassets */ = {isa = PBXFileReference; lastKnownFileType = folder.assetcatalog; path = Assets.xcassets; sourceTree = "<group>"; };
		694B894E230E643E0030B009 /* Base */ = {isa = PBXFileReference; lastKnownFileType = file.storyboard; name = Base; path = Base.lproj/LaunchScreen.storyboard; sourceTree = "<group>"; };
		694B8950230E643E0030B009 /* Info.plist */ = {isa = PBXFileReference; lastKnownFileType = text.plist.xml; path = Info.plist; sourceTree = "<group>"; };
		694B8970230E70770030B009 /* FileController.swift */ = {isa = PBXFileReference; lastKnownFileType = sourcecode.swift; path = FileController.swift; sourceTree = "<group>"; };
		694B8973230E7D1E0030B009 /* ZipArchive.h */ = {isa = PBXFileReference; fileEncoding = 4; lastKnownFileType = sourcecode.c.h; path = ZipArchive.h; sourceTree = "<group>"; };
		694B8975230E7D1E0030B009 /* mz_strm_os_posix.c */ = {isa = PBXFileReference; fileEncoding = 4; lastKnownFileType = sourcecode.c.c; path = mz_strm_os_posix.c; sourceTree = "<group>"; };
		694B8976230E7D1E0030B009 /* mz_strm_pkcrypt.c */ = {isa = PBXFileReference; fileEncoding = 4; lastKnownFileType = sourcecode.c.c; path = mz_strm_pkcrypt.c; sourceTree = "<group>"; };
		694B8977230E7D1E0030B009 /* mz_strm_wzaes.h */ = {isa = PBXFileReference; fileEncoding = 4; lastKnownFileType = sourcecode.c.h; path = mz_strm_wzaes.h; sourceTree = "<group>"; };
		694B8978230E7D1E0030B009 /* mz_compat.h */ = {isa = PBXFileReference; fileEncoding = 4; lastKnownFileType = sourcecode.c.h; path = mz_compat.h; sourceTree = "<group>"; };
		694B8979230E7D1E0030B009 /* mz_strm_zlib.c */ = {isa = PBXFileReference; fileEncoding = 4; lastKnownFileType = sourcecode.c.c; path = mz_strm_zlib.c; sourceTree = "<group>"; };
		694B897A230E7D1E0030B009 /* mz_zip.c */ = {isa = PBXFileReference; fileEncoding = 4; lastKnownFileType = sourcecode.c.c; path = mz_zip.c; sourceTree = "<group>"; };
		694B897B230E7D1E0030B009 /* mz_os.h */ = {isa = PBXFileReference; fileEncoding = 4; lastKnownFileType = sourcecode.c.h; path = mz_os.h; sourceTree = "<group>"; };
		694B897C230E7D1E0030B009 /* LICENSE */ = {isa = PBXFileReference; fileEncoding = 4; lastKnownFileType = text; path = LICENSE; sourceTree = "<group>"; };
		694B897D230E7D1E0030B009 /* mz_zip_rw.c */ = {isa = PBXFileReference; fileEncoding = 4; lastKnownFileType = sourcecode.c.c; path = mz_zip_rw.c; sourceTree = "<group>"; };
		694B897E230E7D1E0030B009 /* mz_strm_split.h */ = {isa = PBXFileReference; fileEncoding = 4; lastKnownFileType = sourcecode.c.h; path = mz_strm_split.h; sourceTree = "<group>"; };
		694B897F230E7D1E0030B009 /* mz_strm_buf.h */ = {isa = PBXFileReference; fileEncoding = 4; lastKnownFileType = sourcecode.c.h; path = mz_strm_buf.h; sourceTree = "<group>"; };
		694B8980230E7D1E0030B009 /* mz_crypt_apple.c */ = {isa = PBXFileReference; fileEncoding = 4; lastKnownFileType = sourcecode.c.c; path = mz_crypt_apple.c; sourceTree = "<group>"; };
		694B8981230E7D1E0030B009 /* mz_strm.h */ = {isa = PBXFileReference; fileEncoding = 4; lastKnownFileType = sourcecode.c.h; path = mz_strm.h; sourceTree = "<group>"; };
		694B8982230E7D1E0030B009 /* mz_strm_mem.c */ = {isa = PBXFileReference; fileEncoding = 4; lastKnownFileType = sourcecode.c.c; path = mz_strm_mem.c; sourceTree = "<group>"; };
		694B8983230E7D1E0030B009 /* mz_crypt.c */ = {isa = PBXFileReference; fileEncoding = 4; lastKnownFileType = sourcecode.c.c; path = mz_crypt.c; sourceTree = "<group>"; };
		694B8984230E7D1E0030B009 /* mz_strm_wzaes.c */ = {isa = PBXFileReference; fileEncoding = 4; lastKnownFileType = sourcecode.c.c; path = mz_strm_wzaes.c; sourceTree = "<group>"; };
		694B8985230E7D1E0030B009 /* mz_strm_zlib.h */ = {isa = PBXFileReference; fileEncoding = 4; lastKnownFileType = sourcecode.c.h; path = mz_strm_zlib.h; sourceTree = "<group>"; };
		694B8986230E7D1E0030B009 /* mz_compat.c */ = {isa = PBXFileReference; fileEncoding = 4; lastKnownFileType = sourcecode.c.c; path = mz_compat.c; sourceTree = "<group>"; };
		694B8987230E7D1E0030B009 /* mz_strm_pkcrypt.h */ = {isa = PBXFileReference; fileEncoding = 4; lastKnownFileType = sourcecode.c.h; path = mz_strm_pkcrypt.h; sourceTree = "<group>"; };
		694B8988230E7D1E0030B009 /* mz_zip_rw.h */ = {isa = PBXFileReference; fileEncoding = 4; lastKnownFileType = sourcecode.c.h; path = mz_zip_rw.h; sourceTree = "<group>"; };
		694B8989230E7D1E0030B009 /* mz_os.c */ = {isa = PBXFileReference; fileEncoding = 4; lastKnownFileType = sourcecode.c.c; path = mz_os.c; sourceTree = "<group>"; };
		694B898A230E7D1E0030B009 /* mz_zip.h */ = {isa = PBXFileReference; fileEncoding = 4; lastKnownFileType = sourcecode.c.h; path = mz_zip.h; sourceTree = "<group>"; };
		694B898B230E7D1E0030B009 /* mz_os_posix.c */ = {isa = PBXFileReference; fileEncoding = 4; lastKnownFileType = sourcecode.c.c; path = mz_os_posix.c; sourceTree = "<group>"; };
		694B898C230E7D1E0030B009 /* mz.h */ = {isa = PBXFileReference; fileEncoding = 4; lastKnownFileType = sourcecode.c.h; path = mz.h; sourceTree = "<group>"; };
		694B898D230E7D1E0030B009 /* mz_strm_buf.c */ = {isa = PBXFileReference; fileEncoding = 4; lastKnownFileType = sourcecode.c.c; path = mz_strm_buf.c; sourceTree = "<group>"; };
		694B898E230E7D1E0030B009 /* mz_strm_split.c */ = {isa = PBXFileReference; fileEncoding = 4; lastKnownFileType = sourcecode.c.c; path = mz_strm_split.c; sourceTree = "<group>"; };
		694B898F230E7D1E0030B009 /* mz_crypt.h */ = {isa = PBXFileReference; fileEncoding = 4; lastKnownFileType = sourcecode.c.h; path = mz_crypt.h; sourceTree = "<group>"; };
		694B8990230E7D1E0030B009 /* mz_strm_mem.h */ = {isa = PBXFileReference; fileEncoding = 4; lastKnownFileType = sourcecode.c.h; path = mz_strm_mem.h; sourceTree = "<group>"; };
		694B8991230E7D1E0030B009 /* mz_strm.c */ = {isa = PBXFileReference; fileEncoding = 4; lastKnownFileType = sourcecode.c.c; path = mz_strm.c; sourceTree = "<group>"; };
		694B8992230E7D1E0030B009 /* mz_strm_os.h */ = {isa = PBXFileReference; fileEncoding = 4; lastKnownFileType = sourcecode.c.h; path = mz_strm_os.h; sourceTree = "<group>"; };
		694B8993230E7D1E0030B009 /* SSZipArchive.h */ = {isa = PBXFileReference; fileEncoding = 4; lastKnownFileType = sourcecode.c.h; path = SSZipArchive.h; sourceTree = "<group>"; };
		694B8994230E7D1E0030B009 /* SSZipCommon.h */ = {isa = PBXFileReference; fileEncoding = 4; lastKnownFileType = sourcecode.c.h; path = SSZipCommon.h; sourceTree = "<group>"; };
		694B8995230E7D1E0030B009 /* SSZipArchive.m */ = {isa = PBXFileReference; fileEncoding = 4; lastKnownFileType = sourcecode.c.objc; path = SSZipArchive.m; sourceTree = "<group>"; };
		694B8996230E7D1E0030B009 /* Info.plist */ = {isa = PBXFileReference; fileEncoding = 4; lastKnownFileType = text.plist.xml; path = Info.plist; sourceTree = "<group>"; };
		694B89AA230E7D710030B009 /* libz.tbd */ = {isa = PBXFileReference; lastKnownFileType = "sourcecode.text-based-dylib-definition"; name = libz.tbd; path = usr/lib/libz.tbd; sourceTree = SDKROOT; };
		694B89AC230E7D820030B009 /* libiconv.tbd */ = {isa = PBXFileReference; lastKnownFileType = "sourcecode.text-based-dylib-definition"; name = libiconv.tbd; path = usr/lib/libiconv.tbd; sourceTree = SDKROOT; };
		694B89AE230E7D950030B009 /* Security.framework */ = {isa = PBXFileReference; lastKnownFileType = wrapper.framework; name = Security.framework; path = System/Library/Frameworks/Security.framework; sourceTree = SDKROOT; };
		69A475BC230E9E1500DFDEA1 /* Bundle-Load-Bridging-Header.h */ = {isa = PBXFileReference; lastKnownFileType = sourcecode.c.h; path = "Bundle-Load-Bridging-Header.h"; sourceTree = "<group>"; };
/* End PBXFileReference section */

/* Begin PBXFrameworksBuildPhase section */
		694B893E230E643C0030B009 /* Frameworks */ = {
			isa = PBXFrameworksBuildPhase;
			buildActionMask = 2147483647;
			files = (
				694B89AF230E7D950030B009 /* Security.framework in Frameworks */,
				694B89AD230E7D820030B009 /* libiconv.tbd in Frameworks */,
				694B89AB230E7D710030B009 /* libz.tbd in Frameworks */,
			);
			runOnlyForDeploymentPostprocessing = 0;
		};
/* End PBXFrameworksBuildPhase section */

/* Begin PBXGroup section */
		694B8938230E643C0030B009 = {
			isa = PBXGroup;
			children = (
				694B8943230E643C0030B009 /* Bundle Load */,
				694B8942230E643C0030B009 /* Products */,
				694B89A9230E7D710030B009 /* Frameworks */,
			);
			sourceTree = "<group>";
		};
		694B8942230E643C0030B009 /* Products */ = {
			isa = PBXGroup;
			children = (
				694B8941230E643C0030B009 /* Bundle Load.app */,
			);
			name = Products;
			sourceTree = "<group>";
		};
		694B8943230E643C0030B009 /* Bundle Load */ = {
			isa = PBXGroup;
			children = (
				694B8956230E64620030B009 /* App */,
				694B8957230E64750030B009 /* Controllers */,
				694B8959230E64930030B009 /* Resources */,
				694B8972230E7D1E0030B009 /* SSZipArchive */,
				694B8958230E64830030B009 /* Storyboards */,
			);
			path = "Bundle Load";
			sourceTree = "<group>";
		};
		694B8956230E64620030B009 /* App */ = {
			isa = PBXGroup;
			children = (
				694B8944230E643C0030B009 /* AppDelegate.swift */,
				694B8950230E643E0030B009 /* Info.plist */,
				69A475BC230E9E1500DFDEA1 /* Bundle-Load-Bridging-Header.h */,
			);
			path = App;
			sourceTree = "<group>";
		};
		694B8957230E64750030B009 /* Controllers */ = {
			isa = PBXGroup;
			children = (
				694B8970230E70770030B009 /* FileController.swift */,
				694B8946230E643C0030B009 /* ViewController.swift */,
			);
			path = Controllers;
			sourceTree = "<group>";
		};
		694B8958230E64830030B009 /* Storyboards */ = {
			isa = PBXGroup;
			children = (
				694B8948230E643C0030B009 /* Main.storyboard */,
				694B894D230E643E0030B009 /* LaunchScreen.storyboard */,
			);
			path = Storyboards;
			sourceTree = "<group>";
		};
		694B8959230E64930030B009 /* Resources */ = {
			isa = PBXGroup;
			children = (
				694B894B230E643E0030B009 /* Assets.xcassets */,
			);
			path = Resources;
			sourceTree = "<group>";
		};
		694B8972230E7D1E0030B009 /* SSZipArchive */ = {
			isa = PBXGroup;
			children = (
				694B8973230E7D1E0030B009 /* ZipArchive.h */,
				694B8974230E7D1E0030B009 /* minizip */,
				694B8993230E7D1E0030B009 /* SSZipArchive.h */,
				694B8994230E7D1E0030B009 /* SSZipCommon.h */,
				694B8995230E7D1E0030B009 /* SSZipArchive.m */,
				694B8996230E7D1E0030B009 /* Info.plist */,
			);
			path = SSZipArchive;
			sourceTree = "<group>";
		};
		694B8974230E7D1E0030B009 /* minizip */ = {
			isa = PBXGroup;
			children = (
				694B8975230E7D1E0030B009 /* mz_strm_os_posix.c */,
				694B8976230E7D1E0030B009 /* mz_strm_pkcrypt.c */,
				694B8977230E7D1E0030B009 /* mz_strm_wzaes.h */,
				694B8978230E7D1E0030B009 /* mz_compat.h */,
				694B8979230E7D1E0030B009 /* mz_strm_zlib.c */,
				694B897A230E7D1E0030B009 /* mz_zip.c */,
				694B897B230E7D1E0030B009 /* mz_os.h */,
				694B897C230E7D1E0030B009 /* LICENSE */,
				694B897D230E7D1E0030B009 /* mz_zip_rw.c */,
				694B897E230E7D1E0030B009 /* mz_strm_split.h */,
				694B897F230E7D1E0030B009 /* mz_strm_buf.h */,
				694B8980230E7D1E0030B009 /* mz_crypt_apple.c */,
				694B8981230E7D1E0030B009 /* mz_strm.h */,
				694B8982230E7D1E0030B009 /* mz_strm_mem.c */,
				694B8983230E7D1E0030B009 /* mz_crypt.c */,
				694B8984230E7D1E0030B009 /* mz_strm_wzaes.c */,
				694B8985230E7D1E0030B009 /* mz_strm_zlib.h */,
				694B8986230E7D1E0030B009 /* mz_compat.c */,
				694B8987230E7D1E0030B009 /* mz_strm_pkcrypt.h */,
				694B8988230E7D1E0030B009 /* mz_zip_rw.h */,
				694B8989230E7D1E0030B009 /* mz_os.c */,
				694B898A230E7D1E0030B009 /* mz_zip.h */,
				694B898B230E7D1E0030B009 /* mz_os_posix.c */,
				694B898C230E7D1E0030B009 /* mz.h */,
				694B898D230E7D1E0030B009 /* mz_strm_buf.c */,
				694B898E230E7D1E0030B009 /* mz_strm_split.c */,
				694B898F230E7D1E0030B009 /* mz_crypt.h */,
				694B8990230E7D1E0030B009 /* mz_strm_mem.h */,
				694B8991230E7D1E0030B009 /* mz_strm.c */,
				694B8992230E7D1E0030B009 /* mz_strm_os.h */,
			);
			path = minizip;
			sourceTree = "<group>";
		};
		694B89A9230E7D710030B009 /* Frameworks */ = {
			isa = PBXGroup;
			children = (
				694B89AE230E7D950030B009 /* Security.framework */,
				694B89AC230E7D820030B009 /* libiconv.tbd */,
				694B89AA230E7D710030B009 /* libz.tbd */,
			);
			name = Frameworks;
			sourceTree = "<group>";
		};
/* End PBXGroup section */

/* Begin PBXNativeTarget section */
		694B8940230E643C0030B009 /* Bundle Load */ = {
			isa = PBXNativeTarget;
			buildConfigurationList = 694B8953230E643E0030B009 /* Build configuration list for PBXNativeTarget "Bundle Load" */;
			buildPhases = (
				694B893D230E643C0030B009 /* Sources */,
				694B893E230E643C0030B009 /* Frameworks */,
				694B893F230E643C0030B009 /* Resources */,
			);
			buildRules = (
			);
			dependencies = (
			);
			name = "Bundle Load";
			productName = "Bundle Load";
			productReference = 694B8941230E643C0030B009 /* Bundle Load.app */;
			productType = "com.apple.product-type.application";
		};
/* End PBXNativeTarget section */

/* Begin PBXProject section */
		694B8939230E643C0030B009 /* Project object */ = {
			isa = PBXProject;
			attributes = {
				LastSwiftUpdateCheck = 1030;
				LastUpgradeCheck = 1030;
				ORGANIZATIONNAME = "Denis Bystruev";
				TargetAttributes = {
					694B8940230E643C0030B009 = {
						CreatedOnToolsVersion = 10.3;
					};
				};
			};
			buildConfigurationList = 694B893C230E643C0030B009 /* Build configuration list for PBXProject "Bundle Load" */;
			compatibilityVersion = "Xcode 9.3";
			developmentRegion = en;
			hasScannedForEncodings = 0;
			knownRegions = (
				en,
				Base,
			);
			mainGroup = 694B8938230E643C0030B009;
			productRefGroup = 694B8942230E643C0030B009 /* Products */;
			projectDirPath = "";
			projectRoot = "";
			targets = (
				694B8940230E643C0030B009 /* Bundle Load */,
			);
		};
/* End PBXProject section */

/* Begin PBXResourcesBuildPhase section */
		694B893F230E643C0030B009 /* Resources */ = {
			isa = PBXResourcesBuildPhase;
			buildActionMask = 2147483647;
			files = (
				694B894F230E643E0030B009 /* LaunchScreen.storyboard in Resources */,
				694B894C230E643E0030B009 /* Assets.xcassets in Resources */,
				694B899B230E7D1E0030B009 /* LICENSE in Resources */,
				694B894A230E643C0030B009 /* Main.storyboard in Resources */,
			);
			runOnlyForDeploymentPostprocessing = 0;
		};
/* End PBXResourcesBuildPhase section */

/* Begin PBXSourcesBuildPhase section */
		694B893D230E643C0030B009 /* Sources */ = {
			isa = PBXSourcesBuildPhase;
			buildActionMask = 2147483647;
			files = (
				694B89A3230E7D1E0030B009 /* mz_os_posix.c in Sources */,
				694B899A230E7D1E0030B009 /* mz_zip.c in Sources */,
				694B89A6230E7D1E0030B009 /* mz_strm.c in Sources */,
				694B89A0230E7D1E0030B009 /* mz_strm_wzaes.c in Sources */,
				694B89A7230E7D1E0030B009 /* SSZipArchive.m in Sources */,
				694B8971230E70770030B009 /* FileController.swift in Sources */,
				694B89A1230E7D1E0030B009 /* mz_compat.c in Sources */,
				694B89A2230E7D1E0030B009 /* mz_os.c in Sources */,
				694B89A4230E7D1E0030B009 /* mz_strm_buf.c in Sources */,
				694B8998230E7D1E0030B009 /* mz_strm_pkcrypt.c in Sources */,
				694B89A5230E7D1E0030B009 /* mz_strm_split.c in Sources */,
				694B899F230E7D1E0030B009 /* mz_crypt.c in Sources */,
				694B8947230E643C0030B009 /* ViewController.swift in Sources */,
				694B899D230E7D1E0030B009 /* mz_crypt_apple.c in Sources */,
				694B8999230E7D1E0030B009 /* mz_strm_zlib.c in Sources */,
				694B899C230E7D1E0030B009 /* mz_zip_rw.c in Sources */,
				694B8997230E7D1E0030B009 /* mz_strm_os_posix.c in Sources */,
				694B899E230E7D1E0030B009 /* mz_strm_mem.c in Sources */,
				694B8945230E643C0030B009 /* AppDelegate.swift in Sources */,
			);
			runOnlyForDeploymentPostprocessing = 0;
		};
/* End PBXSourcesBuildPhase section */

/* Begin PBXVariantGroup section */
		694B8948230E643C0030B009 /* Main.storyboard */ = {
			isa = PBXVariantGroup;
			children = (
				694B8949230E643C0030B009 /* Base */,
			);
			name = Main.storyboard;
			sourceTree = "<group>";
		};
		694B894D230E643E0030B009 /* LaunchScreen.storyboard */ = {
			isa = PBXVariantGroup;
			children = (
				694B894E230E643E0030B009 /* Base */,
			);
			name = LaunchScreen.storyboard;
			sourceTree = "<group>";
		};
/* End PBXVariantGroup section */

/* Begin XCBuildConfiguration section */
		694B8951230E643E0030B009 /* Debug */ = {
			isa = XCBuildConfiguration;
			buildSettings = {
				ALWAYS_SEARCH_USER_PATHS = NO;
				CLANG_ANALYZER_NONNULL = YES;
				CLANG_ANALYZER_NUMBER_OBJECT_CONVERSION = YES_AGGRESSIVE;
				CLANG_CXX_LANGUAGE_STANDARD = "gnu++14";
				CLANG_CXX_LIBRARY = "libc++";
				CLANG_ENABLE_MODULES = YES;
				CLANG_ENABLE_OBJC_ARC = YES;
				CLANG_ENABLE_OBJC_WEAK = YES;
				CLANG_WARN_BLOCK_CAPTURE_AUTORELEASING = YES;
				CLANG_WARN_BOOL_CONVERSION = YES;
				CLANG_WARN_COMMA = YES;
				CLANG_WARN_CONSTANT_CONVERSION = YES;
				CLANG_WARN_DEPRECATED_OBJC_IMPLEMENTATIONS = YES;
				CLANG_WARN_DIRECT_OBJC_ISA_USAGE = YES_ERROR;
				CLANG_WARN_DOCUMENTATION_COMMENTS = YES;
				CLANG_WARN_EMPTY_BODY = YES;
				CLANG_WARN_ENUM_CONVERSION = YES;
				CLANG_WARN_INFINITE_RECURSION = YES;
				CLANG_WARN_INT_CONVERSION = YES;
				CLANG_WARN_NON_LITERAL_NULL_CONVERSION = YES;
				CLANG_WARN_OBJC_IMPLICIT_RETAIN_SELF = YES;
				CLANG_WARN_OBJC_LITERAL_CONVERSION = YES;
				CLANG_WARN_OBJC_ROOT_CLASS = YES_ERROR;
				CLANG_WARN_RANGE_LOOP_ANALYSIS = YES;
				CLANG_WARN_STRICT_PROTOTYPES = YES;
				CLANG_WARN_SUSPICIOUS_MOVE = YES;
				CLANG_WARN_UNGUARDED_AVAILABILITY = YES_AGGRESSIVE;
				CLANG_WARN_UNREACHABLE_CODE = YES;
				CLANG_WARN__DUPLICATE_METHOD_MATCH = YES;
				CODE_SIGN_IDENTITY = "iPhone Developer";
				COPY_PHASE_STRIP = NO;
				DEBUG_INFORMATION_FORMAT = dwarf;
				ENABLE_STRICT_OBJC_MSGSEND = YES;
				ENABLE_TESTABILITY = YES;
				GCC_C_LANGUAGE_STANDARD = gnu11;
				GCC_DYNAMIC_NO_PIC = NO;
				GCC_NO_COMMON_BLOCKS = YES;
				GCC_OPTIMIZATION_LEVEL = 0;
				GCC_PREPROCESSOR_DEFINITIONS = (
					"DEBUG=1",
					"$(inherited)",
				);
				GCC_WARN_64_TO_32_BIT_CONVERSION = YES;
				GCC_WARN_ABOUT_RETURN_TYPE = YES_ERROR;
				GCC_WARN_UNDECLARED_SELECTOR = YES;
				GCC_WARN_UNINITIALIZED_AUTOS = YES_AGGRESSIVE;
				GCC_WARN_UNUSED_FUNCTION = YES;
				GCC_WARN_UNUSED_VARIABLE = YES;
				IPHONEOS_DEPLOYMENT_TARGET = 12.2;
				MTL_ENABLE_DEBUG_INFO = INCLUDE_SOURCE;
				MTL_FAST_MATH = YES;
				ONLY_ACTIVE_ARCH = YES;
				SDKROOT = iphoneos;
				SWIFT_ACTIVE_COMPILATION_CONDITIONS = DEBUG;
				SWIFT_OPTIMIZATION_LEVEL = "-Onone";
			};
			name = Debug;
		};
		694B8952230E643E0030B009 /* Release */ = {
			isa = XCBuildConfiguration;
			buildSettings = {
				ALWAYS_SEARCH_USER_PATHS = NO;
				CLANG_ANALYZER_NONNULL = YES;
				CLANG_ANALYZER_NUMBER_OBJECT_CONVERSION = YES_AGGRESSIVE;
				CLANG_CXX_LANGUAGE_STANDARD = "gnu++14";
				CLANG_CXX_LIBRARY = "libc++";
				CLANG_ENABLE_MODULES = YES;
				CLANG_ENABLE_OBJC_ARC = YES;
				CLANG_ENABLE_OBJC_WEAK = YES;
				CLANG_WARN_BLOCK_CAPTURE_AUTORELEASING = YES;
				CLANG_WARN_BOOL_CONVERSION = YES;
				CLANG_WARN_COMMA = YES;
				CLANG_WARN_CONSTANT_CONVERSION = YES;
				CLANG_WARN_DEPRECATED_OBJC_IMPLEMENTATIONS = YES;
				CLANG_WARN_DIRECT_OBJC_ISA_USAGE = YES_ERROR;
				CLANG_WARN_DOCUMENTATION_COMMENTS = YES;
				CLANG_WARN_EMPTY_BODY = YES;
				CLANG_WARN_ENUM_CONVERSION = YES;
				CLANG_WARN_INFINITE_RECURSION = YES;
				CLANG_WARN_INT_CONVERSION = YES;
				CLANG_WARN_NON_LITERAL_NULL_CONVERSION = YES;
				CLANG_WARN_OBJC_IMPLICIT_RETAIN_SELF = YES;
				CLANG_WARN_OBJC_LITERAL_CONVERSION = YES;
				CLANG_WARN_OBJC_ROOT_CLASS = YES_ERROR;
				CLANG_WARN_RANGE_LOOP_ANALYSIS = YES;
				CLANG_WARN_STRICT_PROTOTYPES = YES;
				CLANG_WARN_SUSPICIOUS_MOVE = YES;
				CLANG_WARN_UNGUARDED_AVAILABILITY = YES_AGGRESSIVE;
				CLANG_WARN_UNREACHABLE_CODE = YES;
				CLANG_WARN__DUPLICATE_METHOD_MATCH = YES;
				CODE_SIGN_IDENTITY = "iPhone Developer";
				COPY_PHASE_STRIP = NO;
				DEBUG_INFORMATION_FORMAT = "dwarf-with-dsym";
				ENABLE_NS_ASSERTIONS = NO;
				ENABLE_STRICT_OBJC_MSGSEND = YES;
				GCC_C_LANGUAGE_STANDARD = gnu11;
				GCC_NO_COMMON_BLOCKS = YES;
				GCC_WARN_64_TO_32_BIT_CONVERSION = YES;
				GCC_WARN_ABOUT_RETURN_TYPE = YES_ERROR;
				GCC_WARN_UNDECLARED_SELECTOR = YES;
				GCC_WARN_UNINITIALIZED_AUTOS = YES_AGGRESSIVE;
				GCC_WARN_UNUSED_FUNCTION = YES;
				GCC_WARN_UNUSED_VARIABLE = YES;
				IPHONEOS_DEPLOYMENT_TARGET = 12.2;
				MTL_ENABLE_DEBUG_INFO = NO;
				MTL_FAST_MATH = YES;
				SDKROOT = iphoneos;
				SWIFT_COMPILATION_MODE = wholemodule;
				SWIFT_OPTIMIZATION_LEVEL = "-O";
				VALIDATE_PRODUCT = YES;
			};
			name = Release;
		};
		694B8954230E643E0030B009 /* Debug */ = {
			isa = XCBuildConfiguration;
			buildSettings = {
				ASSETCATALOG_COMPILER_APPICON_NAME = AppIcon;
				CODE_SIGN_STYLE = Automatic;
				DEVELOPMENT_TEAM = 8J39KF9DMS;
				"GCC_PREPROCESSOR_DEFINITIONS[arch=*]" = (
					HAVE_INTTYPES_H,
					HAVE_PKCRYPT,
					HAVE_STDINT_H,
					HAVE_WZAES,
					HAVE_ZLIB,
					"$(inherited)",
				);
				INFOPLIST_FILE = "$(SRCROOT)/Bundle Load/App/Info.plist";
				LD_RUNPATH_SEARCH_PATHS = (
					"$(inherited)",
					"@executable_path/Frameworks",
				);
				PRODUCT_BUNDLE_IDENTIFIER = "ru.learnSwift.Bundle-Load";
				PRODUCT_NAME = "$(TARGET_NAME)";
				"SWIFT_OBJC_BRIDGING_HEADER[arch=*]" = "Bundle Load/App/Bundle-Load-Bridging-Header.h";
				SWIFT_VERSION = 5.0;
				TARGETED_DEVICE_FAMILY = "1,2";
			};
			name = Debug;
		};
		694B8955230E643E0030B009 /* Release */ = {
			isa = XCBuildConfiguration;
			buildSettings = {
				ASSETCATALOG_COMPILER_APPICON_NAME = AppIcon;
				CODE_SIGN_STYLE = Automatic;
				DEVELOPMENT_TEAM = 8J39KF9DMS;
				"GCC_PREPROCESSOR_DEFINITIONS[arch=*]" = (
					HAVE_INTTYPES_H,
					HAVE_PKCRYPT,
					HAVE_STDINT_H,
					HAVE_WZAES,
					HAVE_ZLIB,
					"$(inherited)",
				);
				INFOPLIST_FILE = "$(SRCROOT)/Bundle Load/App/Info.plist";
				LD_RUNPATH_SEARCH_PATHS = (
					"$(inherited)",
					"@executable_path/Frameworks",
				);
				PRODUCT_BUNDLE_IDENTIFIER = "ru.learnSwift.Bundle-Load";
				PRODUCT_NAME = "$(TARGET_NAME)";
				"SWIFT_OBJC_BRIDGING_HEADER[arch=*]" = "Bundle Load/App/Bundle-Load-Bridging-Header.h";
				SWIFT_VERSION = 5.0;
				TARGETED_DEVICE_FAMILY = "1,2";
			};
			name = Release;
		};
/* End XCBuildConfiguration section */

/* Begin XCConfigurationList section */
		694B893C230E643C0030B009 /* Build configuration list for PBXProject "Bundle Load" */ = {
			isa = XCConfigurationList;
			buildConfigurations = (
				694B8951230E643E0030B009 /* Debug */,
				694B8952230E643E0030B009 /* Release */,
			);
			defaultConfigurationIsVisible = 0;
			defaultConfigurationName = Release;
		};
		694B8953230E643E0030B009 /* Build configuration list for PBXNativeTarget "Bundle Load" */ = {
			isa = XCConfigurationList;
			buildConfigurations = (
				694B8954230E643E0030B009 /* Debug */,
				694B8955230E643E0030B009 /* Release */,
			);
			defaultConfigurationIsVisible = 0;
			defaultConfigurationName = Release;
		};
/* End XCConfigurationList section */
	};
	rootObject = 694B8939230E643C0030B009 /* Project object */;
}
